{
  "name": "tumppu",
  "version": "1.0.0",
  "lockfileVersion": 1,
  "requires": true,
  "dependencies": {
    "@rbxts/net": {
      "version": "1.0.10",
      "resolved": "https://registry.npmjs.org/@rbxts/net/-/net-1.0.10.tgz",
      "integrity": "sha512-hwg7meymbM282kvDRQ6ER9EIGiAnhTzaL4hPwfIsY1P31+mSpOXE4rz4q1uohl7hp9giG/3wFRXRx6S8lDakDQ=="
    },
    "@rbxts/types": {
      "version": "1.0.235",
      "resolved": "https://registry.npmjs.org/@rbxts/types/-/types-1.0.235.tgz",
      "integrity": "sha512-6mHaM/el5/xHuzq1ECjXRuPq8iFsfO/7x7FoTdICD6b3ABUgvcOsNx+2txS2+MiE3QAGkMdybWS7RJ+slp9APQ=="
    }
  }
}
